
Microsoft Visual Studio Solution File, Format Version 12.00
# Visual Studio Version 17
VisualStudioVersion = 17.4.33213.308
MinimumVisualStudioVersion = 10.0.40219.1
Project("{9A19103F-16F7-4668-BE54-9A1E7A4F7556}") = "RecipieManager", "RecipieManager\RecipieManager.csproj", "{4230330C-315A-4A08-BDC8-B0C79010AE61}"
EndProject
Global
	GlobalSection(SolutionConfigurationPlatforms) = preSolution
		Debug|Any CPU = Debug|Any CPU
		Release|Any CPU = Release|Any CPU
	EndGlobalSection
	GlobalSection(ProjectConfigurationPlatforms) = postSolution
		{4230330C-315A-4A08-BDC8-B0C79010AE61}.Debug|Any CPU.ActiveCfg = Debug|Any CPU
		{4230330C-315A-4A08-BDC8-B0C79010AE61}.Debug|Any CPU.Build.0 = Debug|Any CPU
		{4230330C-315A-4A08-BDC8-B0C79010AE61}.Release|Any CPU.ActiveCfg = Release|Any CPU
		{4230330C-315A-4A08-BDC8-B0C79010AE61}.Release|Any CPU.Build.0 = Release|Any CPU
	EndGlobalSection
	GlobalSection(SolutionProperties) = preSolution
		HideSolutionNode = FALSE
	EndGlobalSection
	GlobalSection(ExtensibilityGlobals) = postSolution
		SolutionGuid = {24512B24-F418-4A98-B265-D4AADBE12ADE}
	EndGlobalSection
EndGlobal
